
Microsoft Visual Studio Solution File, Format Version 12.00
# Visual Studio Version 17
VisualStudioVersion = 17.11.35222.181
MinimumVisualStudioVersion = 10.0.40219.1
Project("{8BC9CEB8-8B4A-11D0-8D11-00A0C91BC942}") = "Project1", "Project1\Project1.vcxproj", "{A716255E-CBA0-4E78-BD55-13B0663F3981}"
EndProject
Global
	GlobalSection(SolutionConfigurationPlatforms) = preSolution
		Debug|x64 = Debug|x64
		Debug|x86 = Debug|x86
		Release|x64 = Release|x64
		Release|x86 = Release|x86
	EndGlobalSection
	GlobalSection(ProjectConfigurationPlatforms) = postSolution
		{A716255E-CBA0-4E78-BD55-13B0663F3981}.Debug|x64.ActiveCfg = Debug|x64
		{A716255E-CBA0-4E78-BD55-13B0663F3981}.Debug|x64.Build.0 = Debug|x64
		{A716255E-CBA0-4E78-BD55-13B0663F3981}.Debug|x86.ActiveCfg = Debug|Win32
		{A716255E-CBA0-4E78-BD55-13B0663F3981}.Debug|x86.Build.0 = Debug|Win32
		{A716255E-CBA0-4E78-BD55-13B0663F3981}.Release|x64.ActiveCfg = Release|x64
		{A716255E-CBA0-4E78-BD55-13B0663F3981}.Release|x64.Build.0 = Release|x64
		{A716255E-CBA0-4E78-BD55-13B0663F3981}.Release|x86.ActiveCfg = Release|Win32
		{A716255E-CBA0-4E78-BD55-13B0663F3981}.Release|x86.Build.0 = Release|Win32
	EndGlobalSection
	GlobalSection(SolutionProperties) = preSolution
		HideSolutionNode = FALSE
	EndGlobalSection
	GlobalSection(ExtensibilityGlobals) = postSolution
		SolutionGuid = {EFDE142C-A476-484C-8FCC-8A36DA06EC8C}
	EndGlobalSection
EndGlobal
